{
  "name": "allmychanges.com",
  "version": "0.1.0",
  "dependencies": {
    "stylus": {
      "version": "0.43.1",
      "from": "stylus@",
      "resolved": "https://registry.npmjs.org/stylus/-/stylus-0.43.1.tgz",
      "dependencies": {
        "css-parse": {
          "version": "1.7.0",
          "from": "css-parse@1.7.x",
          "resolved": "https://registry.npmjs.org/css-parse/-/css-parse-1.7.0.tgz"
        },
        "mkdirp": {
          "version": "0.3.5",
          "from": "mkdirp@0.3.x",
          "resolved": "https://registry.npmjs.org/mkdirp/-/mkdirp-0.3.5.tgz"
        },
        "debug": {
          "version": "0.8.0",
          "from": "debug@*",
          "resolved": "https://registry.npmjs.org/debug/-/debug-0.8.0.tgz"
        },
        "sax": {
          "version": "0.5.8",
          "from": "sax@0.5.x",
          "resolved": "https://registry.npmjs.org/sax/-/sax-0.5.8.tgz"
        },
        "glob": {
          "version": "3.2.9",
          "from": "glob@3.2.x",
          "resolved": "https://registry.npmjs.org/glob/-/glob-3.2.9.tgz",
          "dependencies": {
            "minimatch": {
              "version": "0.2.14",
              "from": "minimatch@~0.2.11",
              "resolved": "https://registry.npmjs.org/minimatch/-/minimatch-0.2.14.tgz",
              "dependencies": {
                "lru-cache": {
                  "version": "2.5.0",
                  "from": "lru-cache@2",
                  "resolved": "https://registry.npmjs.org/lru-cache/-/lru-cache-2.5.0.tgz"
                },
                "sigmund": {
                  "version": "1.0.0",
                  "from": "sigmund@~1.0.0",
                  "resolved": "https://registry.npmjs.org/sigmund/-/sigmund-1.0.0.tgz"
                }
              }
            },
            "inherits": {
              "version": "2.0.1",
              "from": "inherits@2",
              "resolved": "https://registry.npmjs.org/inherits/-/inherits-2.0.1.tgz"
            }
          }
        }
      }
    }
  }
}
